{
  "object": {
    "pins": [
      {
        "package": "ALBNoSQLDB",
        "repositoryURL": "https://github.com/AaronBratcher/ALBNoSQLDB",
        "state": {
          "branch": null,
          "revision": "dcbab5af745cd043255e562f8490443f7fb39dfd",
          "version": "6.0.0"
        }
      }
    ]
  },
  "version": 1
}
